
Microsoft Visual Studio Solution File, Format Version 12.00
# Visual Studio Version 17
VisualStudioVersion = 17.4.33213.308
MinimumVisualStudioVersion = 10.0.40219.1
Project("{FAE04EC0-301F-11D3-BF4B-00C04F79EFBC}") = "VpnApps.BasicVpn", "VpnApps.BasicVpn\VpnApps.BasicVpn.csproj", "{529477EE-20F8-4EF2-A017-5279CF14FE7D}"
EndProject
Global
	GlobalSection(SolutionConfigurationPlatforms) = preSolution
		Debug|Any CPU = Debug|Any CPU
		Release|Any CPU = Release|Any CPU
	EndGlobalSection
	GlobalSection(ProjectConfigurationPlatforms) = postSolution
		{529477EE-20F8-4EF2-A017-5279CF14FE7D}.Debug|Any CPU.ActiveCfg = Debug|Any CPU
		{529477EE-20F8-4EF2-A017-5279CF14FE7D}.Debug|Any CPU.Build.0 = Debug|Any CPU
		{529477EE-20F8-4EF2-A017-5279CF14FE7D}.Release|Any CPU.ActiveCfg = Release|Any CPU
		{529477EE-20F8-4EF2-A017-5279CF14FE7D}.Release|Any CPU.Build.0 = Release|Any CPU
	EndGlobalSection
	GlobalSection(SolutionProperties) = preSolution
		HideSolutionNode = FALSE
	EndGlobalSection
	GlobalSection(ExtensibilityGlobals) = postSolution
		SolutionGuid = {C7934C05-59D9-463E-B600-6BA847E2D489}
	EndGlobalSection
EndGlobal
